
Microsoft Visual Studio Solution File, Format Version 12.00
# Visual Studio Version 17
VisualStudioVersion = 17.3.32929.385
MinimumVisualStudioVersion = 10.0.40219.1
Project("{9A19103F-16F7-4668-BE54-9A1E7A4F7556}") = "Practikum.Repository", "Practikum.Repository\Practikum.Repository.csproj", "{3C6AED73-3D87-49F7-B83D-06ECD1A7238B}"
EndProject
Project("{9A19103F-16F7-4668-BE54-9A1E7A4F7556}") = "Practikum.Service", "Practikum.Service\Practikum.Service.csproj", "{898C3611-8982-4DB4-9C2F-0E35151ED5EF}"
EndProject
Project("{9A19103F-16F7-4668-BE54-9A1E7A4F7556}") = "Practikum.Commen", "Practikum.Commen\Practikum.Commen.csproj", "{4080ED52-4424-4A10-8CF7-19D28D26496D}"
EndProject
Project("{9A19103F-16F7-4668-BE54-9A1E7A4F7556}") = "Practikum.Context", "Practikum.Context\Practikum.Context.csproj", "{258B6EF0-A325-4434-8974-BC14EF9CBE4D}"
EndProject
Project("{9A19103F-16F7-4668-BE54-9A1E7A4F7556}") = "Practikum.WebAPI", "Practikum.WebAPI\Practikum.WebAPI.csproj", "{54EF4201-CEE1-4070-832D-778B0CFCE4CB}"
EndProject
Global
	GlobalSection(SolutionConfigurationPlatforms) = preSolution
		Debug|Any CPU = Debug|Any CPU
		Release|Any CPU = Release|Any CPU
	EndGlobalSection
	GlobalSection(ProjectConfigurationPlatforms) = postSolution
		{3C6AED73-3D87-49F7-B83D-06ECD1A7238B}.Debug|Any CPU.ActiveCfg = Debug|Any CPU
		{3C6AED73-3D87-49F7-B83D-06ECD1A7238B}.Debug|Any CPU.Build.0 = Debug|Any CPU
		{3C6AED73-3D87-49F7-B83D-06ECD1A7238B}.Release|Any CPU.ActiveCfg = Release|Any CPU
		{3C6AED73-3D87-49F7-B83D-06ECD1A7238B}.Release|Any CPU.Build.0 = Release|Any CPU
		{898C3611-8982-4DB4-9C2F-0E35151ED5EF}.Debug|Any CPU.ActiveCfg = Debug|Any CPU
		{898C3611-8982-4DB4-9C2F-0E35151ED5EF}.Debug|Any CPU.Build.0 = Debug|Any CPU
		{898C3611-8982-4DB4-9C2F-0E35151ED5EF}.Release|Any CPU.ActiveCfg = Release|Any CPU
		{898C3611-8982-4DB4-9C2F-0E35151ED5EF}.Release|Any CPU.Build.0 = Release|Any CPU
		{4080ED52-4424-4A10-8CF7-19D28D26496D}.Debug|Any CPU.ActiveCfg = Debug|Any CPU
		{4080ED52-4424-4A10-8CF7-19D28D26496D}.Debug|Any CPU.Build.0 = Debug|Any CPU
		{4080ED52-4424-4A10-8CF7-19D28D26496D}.Release|Any CPU.ActiveCfg = Release|Any CPU
		{4080ED52-4424-4A10-8CF7-19D28D26496D}.Release|Any CPU.Build.0 = Release|Any CPU
		{258B6EF0-A325-4434-8974-BC14EF9CBE4D}.Debug|Any CPU.ActiveCfg = Debug|Any CPU
		{258B6EF0-A325-4434-8974-BC14EF9CBE4D}.Debug|Any CPU.Build.0 = Debug|Any CPU
		{258B6EF0-A325-4434-8974-BC14EF9CBE4D}.Release|Any CPU.ActiveCfg = Release|Any CPU
		{258B6EF0-A325-4434-8974-BC14EF9CBE4D}.Release|Any CPU.Build.0 = Release|Any CPU
		{54EF4201-CEE1-4070-832D-778B0CFCE4CB}.Debug|Any CPU.ActiveCfg = Debug|Any CPU
		{54EF4201-CEE1-4070-832D-778B0CFCE4CB}.Debug|Any CPU.Build.0 = Debug|Any CPU
		{54EF4201-CEE1-4070-832D-778B0CFCE4CB}.Release|Any CPU.ActiveCfg = Release|Any CPU
		{54EF4201-CEE1-4070-832D-778B0CFCE4CB}.Release|Any CPU.Build.0 = Release|Any CPU
	EndGlobalSection
	GlobalSection(SolutionProperties) = preSolution
		HideSolutionNode = FALSE
	EndGlobalSection
	GlobalSection(ExtensibilityGlobals) = postSolution
		SolutionGuid = {66CBD0A1-ABFE-44B5-BCD4-E336C62CFFBA}
	EndGlobalSection
EndGlobal
